
Microsoft Visual Studio Solution File, Format Version 12.00
# Visual Studio Version 17
VisualStudioVersion = 17.3.32922.545
MinimumVisualStudioVersion = 10.0.40219.1
Project("{9A19103F-16F7-4668-BE54-9A1E7A4F7556}") = "RestaurantExtended", "RestaurantExtended.csproj", "{5077DF24-B782-410D-A9E7-D76AAAE5268E}"
EndProject
Project("{9A19103F-16F7-4668-BE54-9A1E7A4F7556}") = "RestaurantAPITests", "..\RestaurantAPITests\RestaurantAPITests.csproj", "{A750BD8C-74F2-48E1-815F-25E38D5050F2}"
EndProject
Global
	GlobalSection(SolutionConfigurationPlatforms) = preSolution
		Debug|Any CPU = Debug|Any CPU
		Release|Any CPU = Release|Any CPU
	EndGlobalSection
	GlobalSection(ProjectConfigurationPlatforms) = postSolution
		{5077DF24-B782-410D-A9E7-D76AAAE5268E}.Debug|Any CPU.ActiveCfg = Debug|Any CPU
		{5077DF24-B782-410D-A9E7-D76AAAE5268E}.Debug|Any CPU.Build.0 = Debug|Any CPU
		{5077DF24-B782-410D-A9E7-D76AAAE5268E}.Release|Any CPU.ActiveCfg = Release|Any CPU
		{5077DF24-B782-410D-A9E7-D76AAAE5268E}.Release|Any CPU.Build.0 = Release|Any CPU
		{A750BD8C-74F2-48E1-815F-25E38D5050F2}.Debug|Any CPU.ActiveCfg = Debug|Any CPU
		{A750BD8C-74F2-48E1-815F-25E38D5050F2}.Debug|Any CPU.Build.0 = Debug|Any CPU
		{A750BD8C-74F2-48E1-815F-25E38D5050F2}.Release|Any CPU.ActiveCfg = Release|Any CPU
		{A750BD8C-74F2-48E1-815F-25E38D5050F2}.Release|Any CPU.Build.0 = Release|Any CPU
	EndGlobalSection
	GlobalSection(SolutionProperties) = preSolution
		HideSolutionNode = FALSE
	EndGlobalSection
	GlobalSection(ExtensibilityGlobals) = postSolution
		SolutionGuid = {494D01CC-7EE9-4EC1-A1C4-F50572FEB5A3}
	EndGlobalSection
EndGlobal
